
Microsoft Visual Studio Solution File, Format Version 12.00
# Visual Studio Version 17
VisualStudioVersion = 17.8.34330.188
MinimumVisualStudioVersion = 10.0.40219.1
Project("{9A19103F-16F7-4668-BE54-9A1E7A4F7556}") = "PersonelKayitApi", "PersonelKayit\PersonelKayitApi.csproj", "{85474AA5-C3E9-4CF9-8D30-C71494D0B934}"
EndProject
Project("{9A19103F-16F7-4668-BE54-9A1E7A4F7556}") = "PersonelKayitWeb", "PersonelKayitWeb\PersonelKayitWeb.csproj", "{7E00ECFB-F9DA-4F4A-A5B2-0DCB2FAC447B}"
EndProject
Global
	GlobalSection(SolutionConfigurationPlatforms) = preSolution
		Debug|Any CPU = Debug|Any CPU
		Release|Any CPU = Release|Any CPU
	EndGlobalSection
	GlobalSection(ProjectConfigurationPlatforms) = postSolution
		{85474AA5-C3E9-4CF9-8D30-C71494D0B934}.Debug|Any CPU.ActiveCfg = Debug|Any CPU
		{85474AA5-C3E9-4CF9-8D30-C71494D0B934}.Debug|Any CPU.Build.0 = Debug|Any CPU
		{85474AA5-C3E9-4CF9-8D30-C71494D0B934}.Release|Any CPU.ActiveCfg = Release|Any CPU
		{85474AA5-C3E9-4CF9-8D30-C71494D0B934}.Release|Any CPU.Build.0 = Release|Any CPU
		{7E00ECFB-F9DA-4F4A-A5B2-0DCB2FAC447B}.Debug|Any CPU.ActiveCfg = Debug|Any CPU
		{7E00ECFB-F9DA-4F4A-A5B2-0DCB2FAC447B}.Debug|Any CPU.Build.0 = Debug|Any CPU
		{7E00ECFB-F9DA-4F4A-A5B2-0DCB2FAC447B}.Release|Any CPU.ActiveCfg = Release|Any CPU
		{7E00ECFB-F9DA-4F4A-A5B2-0DCB2FAC447B}.Release|Any CPU.Build.0 = Release|Any CPU
	EndGlobalSection
	GlobalSection(SolutionProperties) = preSolution
		HideSolutionNode = FALSE
	EndGlobalSection
	GlobalSection(ExtensibilityGlobals) = postSolution
		SolutionGuid = {ED4EFDFD-9242-474F-83E6-8238416DF568}
	EndGlobalSection
EndGlobal
